
Microsoft Visual Studio Solution File, Format Version 12.00
# Visual Studio 15
VisualStudioVersion = 15.0.27130.2010
MinimumVisualStudioVersion = 10.0.40219.1
Project("{8BC9CEB8-8B4A-11D0-8D11-00A0C91BC942}") = "DirExplorer-Naive", "DirExplorer-Naive\DirExplorer-Naive.vcxproj", "{8006BB01-EE84-43EA-9C98-4216A68F2530}"
EndProject
Project("{8BC9CEB8-8B4A-11D0-8D11-00A0C91BC942}") = "DirExplorer-Template", "DirExplorer-Template\DirExplorer-Template.vcxproj", "{EC871A00-5036-4843-8E29-9AEFEB0A808C}"
EndProject
Project("{8BC9CEB8-8B4A-11D0-8D11-00A0C91BC942}") = "DirExplorer-Inheritance", "DirExplorer-Inheritance\DirExplorer-Inheritance.vcxproj", "{23F9B047-E3DE-4B73-8C3A-F551B34E06DB}"
EndProject
Project("{8BC9CEB8-8B4A-11D0-8D11-00A0C91BC942}") = "DirExplorer-Events", "DirExplorer-Events\DirExplorer-Events.vcxproj", "{56A60100-70F1-464A-A5ED-5A9BDFCE8BE3}"
EndProject
Project("{8BC9CEB8-8B4A-11D0-8D11-00A0C91BC942}") = "FileSystemDemo", "FileSystem\FileSystemDemo.vcxproj", "{EF4A3188-CA93-45A2-AB52-7548669E3AA8}"
EndProject
Project("{8BC9CEB8-8B4A-11D0-8D11-00A0C91BC942}") = "CodeUtilities", "Utilities\CodeUtilities\CodeUtilities.vcxproj", "{D6E40902-7A6C-4AF9-B69A-68E7B80B722C}"
EndProject
Project("{8BC9CEB8-8B4A-11D0-8D11-00A0C91BC942}") = "StringUtilities", "Utilities\StringUtilities\Utilities.vcxproj", "{462B43B2-8B13-4178-BF2A-903F76F1985C}"
EndProject
Project("{8BC9CEB8-8B4A-11D0-8D11-00A0C91BC942}") = "Provider", "Provider\Provider.vcxproj", "{B8AD713F-BBBC-475F-84EE-D6653D4E1D38}"
EndProject
Project("{8BC9CEB8-8B4A-11D0-8D11-00A0C91BC942}") = "DirExplorer-Provider", "DirExplorer-Provider\DirExplorer-Provider.vcxproj", "{EB183640-C21E-459F-9FAB-C74737A5301A}"
EndProject
Global
	GlobalSection(SolutionConfigurationPlatforms) = preSolution
		Debug|x64 = Debug|x64
		Debug|x86 = Debug|x86
		Release|x64 = Release|x64
		Release|x86 = Release|x86
	EndGlobalSection
	GlobalSection(ProjectConfigurationPlatforms) = postSolution
		{8006BB01-EE84-43EA-9C98-4216A68F2530}.Debug|x64.ActiveCfg = Debug|x64
		{8006BB01-EE84-43EA-9C98-4216A68F2530}.Debug|x64.Build.0 = Debug|x64
		{8006BB01-EE84-43EA-9C98-4216A68F2530}.Debug|x86.ActiveCfg = Debug|Win32
		{8006BB01-EE84-43EA-9C98-4216A68F2530}.Debug|x86.Build.0 = Debug|Win32
		{8006BB01-EE84-43EA-9C98-4216A68F2530}.Release|x64.ActiveCfg = Release|x64
		{8006BB01-EE84-43EA-9C98-4216A68F2530}.Release|x64.Build.0 = Release|x64
		{8006BB01-EE84-43EA-9C98-4216A68F2530}.Release|x86.ActiveCfg = Release|Win32
		{8006BB01-EE84-43EA-9C98-4216A68F2530}.Release|x86.Build.0 = Release|Win32
		{EC871A00-5036-4843-8E29-9AEFEB0A808C}.Debug|x64.ActiveCfg = Debug|x64
		{EC871A00-5036-4843-8E29-9AEFEB0A808C}.Debug|x64.Build.0 = Debug|x64
		{EC871A00-5036-4843-8E29-9AEFEB0A808C}.Debug|x86.ActiveCfg = Debug|Win32
		{EC871A00-5036-4843-8E29-9AEFEB0A808C}.Debug|x86.Build.0 = Debug|Win32
		{EC871A00-5036-4843-8E29-9AEFEB0A808C}.Release|x64.ActiveCfg = Release|x64
		{EC871A00-5036-4843-8E29-9AEFEB0A808C}.Release|x64.Build.0 = Release|x64
		{EC871A00-5036-4843-8E29-9AEFEB0A808C}.Release|x86.ActiveCfg = Release|Win32
		{EC871A00-5036-4843-8E29-9AEFEB0A808C}.Release|x86.Build.0 = Release|Win32
		{23F9B047-E3DE-4B73-8C3A-F551B34E06DB}.Debug|x64.ActiveCfg = Debug|x64
		{23F9B047-E3DE-4B73-8C3A-F551B34E06DB}.Debug|x64.Build.0 = Debug|x64
		{23F9B047-E3DE-4B73-8C3A-F551B34E06DB}.Debug|x86.ActiveCfg = Debug|Win32
		{23F9B047-E3DE-4B73-8C3A-F551B34E06DB}.Debug|x86.Build.0 = Debug|Win32
		{23F9B047-E3DE-4B73-8C3A-F551B34E06DB}.Release|x64.ActiveCfg = Release|x64
		{23F9B047-E3DE-4B73-8C3A-F551B34E06DB}.Release|x64.Build.0 = Release|x64
		{23F9B047-E3DE-4B73-8C3A-F551B34E06DB}.Release|x86.ActiveCfg = Release|Win32
		{23F9B047-E3DE-4B73-8C3A-F551B34E06DB}.Release|x86.Build.0 = Release|Win32
		{56A60100-70F1-464A-A5ED-5A9BDFCE8BE3}.Debug|x64.ActiveCfg = Debug|x64
		{56A60100-70F1-464A-A5ED-5A9BDFCE8BE3}.Debug|x64.Build.0 = Debug|x64
		{56A60100-70F1-464A-A5ED-5A9BDFCE8BE3}.Debug|x86.ActiveCfg = Debug|Win32
		{56A60100-70F1-464A-A5ED-5A9BDFCE8BE3}.Debug|x86.Build.0 = Debug|Win32
		{56A60100-70F1-464A-A5ED-5A9BDFCE8BE3}.Release|x64.ActiveCfg = Release|x64
		{56A60100-70F1-464A-A5ED-5A9BDFCE8BE3}.Release|x64.Build.0 = Release|x64
		{56A60100-70F1-464A-A5ED-5A9BDFCE8BE3}.Release|x86.ActiveCfg = Release|Win32
		{56A60100-70F1-464A-A5ED-5A9BDFCE8BE3}.Release|x86.Build.0 = Release|Win32
		{EF4A3188-CA93-45A2-AB52-7548669E3AA8}.Debug|x64.ActiveCfg = Debug|Win32
		{EF4A3188-CA93-45A2-AB52-7548669E3AA8}.Debug|x86.ActiveCfg = Debug|Win32
		{EF4A3188-CA93-45A2-AB52-7548669E3AA8}.Debug|x86.Build.0 = Debug|Win32
		{EF4A3188-CA93-45A2-AB52-7548669E3AA8}.Release|x64.ActiveCfg = Release|Win32
		{EF4A3188-CA93-45A2-AB52-7548669E3AA8}.Release|x86.ActiveCfg = Release|Win32
		{EF4A3188-CA93-45A2-AB52-7548669E3AA8}.Release|x86.Build.0 = Release|Win32
		{D6E40902-7A6C-4AF9-B69A-68E7B80B722C}.Debug|x64.ActiveCfg = Debug|x64
		{D6E40902-7A6C-4AF9-B69A-68E7B80B722C}.Debug|x64.Build.0 = Debug|x64
		{D6E40902-7A6C-4AF9-B69A-68E7B80B722C}.Debug|x86.ActiveCfg = Debug|Win32
		{D6E40902-7A6C-4AF9-B69A-68E7B80B722C}.Debug|x86.Build.0 = Debug|Win32
		{D6E40902-7A6C-4AF9-B69A-68E7B80B722C}.Release|x64.ActiveCfg = Release|x64
		{D6E40902-7A6C-4AF9-B69A-68E7B80B722C}.Release|x64.Build.0 = Release|x64
		{D6E40902-7A6C-4AF9-B69A-68E7B80B722C}.Release|x86.ActiveCfg = Release|Win32
		{D6E40902-7A6C-4AF9-B69A-68E7B80B722C}.Release|x86.Build.0 = Release|Win32
		{462B43B2-8B13-4178-BF2A-903F76F1985C}.Debug|x64.ActiveCfg = Debug|x64
		{462B43B2-8B13-4178-BF2A-903F76F1985C}.Debug|x64.Build.0 = Debug|x64
		{462B43B2-8B13-4178-BF2A-903F76F1985C}.Debug|x86.ActiveCfg = Debug|Win32
		{462B43B2-8B13-4178-BF2A-903F76F1985C}.Debug|x86.Build.0 = Debug|Win32
		{462B43B2-8B13-4178-BF2A-903F76F1985C}.Release|x64.ActiveCfg = Release|x64
		{462B43B2-8B13-4178-BF2A-903F76F1985C}.Release|x64.Build.0 = Release|x64
		{462B43B2-8B13-4178-BF2A-903F76F1985C}.Release|x86.ActiveCfg = Release|Win32
		{462B43B2-8B13-4178-BF2A-903F76F1985C}.Release|x86.Build.0 = Release|Win32
		{B8AD713F-BBBC-475F-84EE-D6653D4E1D38}.Debug|x64.ActiveCfg = Debug|x64
		{B8AD713F-BBBC-475F-84EE-D6653D4E1D38}.Debug|x64.Build.0 = Debug|x64
		{B8AD713F-BBBC-475F-84EE-D6653D4E1D38}.Debug|x86.ActiveCfg = Debug|Win32
		{B8AD713F-BBBC-475F-84EE-D6653D4E1D38}.Debug|x86.Build.0 = Debug|Win32
		{B8AD713F-BBBC-475F-84EE-D6653D4E1D38}.Release|x64.ActiveCfg = Release|x64
		{B8AD713F-BBBC-475F-84EE-D6653D4E1D38}.Release|x64.Build.0 = Release|x64
		{B8AD713F-BBBC-475F-84EE-D6653D4E1D38}.Release|x86.ActiveCfg = Release|Win32
		{B8AD713F-BBBC-475F-84EE-D6653D4E1D38}.Release|x86.Build.0 = Release|Win32
		{EB183640-C21E-459F-9FAB-C74737A5301A}.Debug|x64.ActiveCfg = Debug|x64
		{EB183640-C21E-459F-9FAB-C74737A5301A}.Debug|x64.Build.0 = Debug|x64
		{EB183640-C21E-459F-9FAB-C74737A5301A}.Debug|x86.ActiveCfg = Debug|Win32
		{EB183640-C21E-459F-9FAB-C74737A5301A}.Debug|x86.Build.0 = Debug|Win32
		{EB183640-C21E-459F-9FAB-C74737A5301A}.Release|x64.ActiveCfg = Release|x64
		{EB183640-C21E-459F-9FAB-C74737A5301A}.Release|x64.Build.0 = Release|x64
		{EB183640-C21E-459F-9FAB-C74737A5301A}.Release|x86.ActiveCfg = Release|Win32
		{EB183640-C21E-459F-9FAB-C74737A5301A}.Release|x86.Build.0 = Release|Win32
	EndGlobalSection
	GlobalSection(SolutionProperties) = preSolution
		HideSolutionNode = FALSE
	EndGlobalSection
	GlobalSection(ExtensibilityGlobals) = postSolution
		SolutionGuid = {3D1BA39F-87C0-4D6C-A4DE-A60D6135B67E}
	EndGlobalSection
EndGlobal
